
Microsoft Visual Studio Solution File, Format Version 12.00
# Visual Studio Version 17
VisualStudioVersion = 17.1.32319.34
MinimumVisualStudioVersion = 10.0.40219.1
Project("{FAE04EC0-301F-11D3-BF4B-00C04F79EFBC}") = "TrajcheSmilevskiINKI591", "TrajcheSmilevskiINKI591.csproj", "{C67C833D-8277-4767-900F-B3B59A4489D3}"
EndProject
Project("{FAE04EC0-301F-11D3-BF4B-00C04F79EFBC}") = "TrajcheSmilevskiINKI591.Tests", "..\TrajcheSmilevskiINKI591.Tests\TrajcheSmilevskiINKI591.Tests.csproj", "{0F464FEF-8BB4-4289-80E0-37F6C741E383}"
EndProject
Global
	GlobalSection(SolutionConfigurationPlatforms) = preSolution
		Debug|Any CPU = Debug|Any CPU
		Release|Any CPU = Release|Any CPU
	EndGlobalSection
	GlobalSection(ProjectConfigurationPlatforms) = postSolution
		{C67C833D-8277-4767-900F-B3B59A4489D3}.Debug|Any CPU.ActiveCfg = Debug|Any CPU
		{C67C833D-8277-4767-900F-B3B59A4489D3}.Debug|Any CPU.Build.0 = Debug|Any CPU
		{C67C833D-8277-4767-900F-B3B59A4489D3}.Release|Any CPU.ActiveCfg = Release|Any CPU
		{C67C833D-8277-4767-900F-B3B59A4489D3}.Release|Any CPU.Build.0 = Release|Any CPU
		{0F464FEF-8BB4-4289-80E0-37F6C741E383}.Debug|Any CPU.ActiveCfg = Debug|Any CPU
		{0F464FEF-8BB4-4289-80E0-37F6C741E383}.Debug|Any CPU.Build.0 = Debug|Any CPU
		{0F464FEF-8BB4-4289-80E0-37F6C741E383}.Release|Any CPU.ActiveCfg = Release|Any CPU
		{0F464FEF-8BB4-4289-80E0-37F6C741E383}.Release|Any CPU.Build.0 = Release|Any CPU
	EndGlobalSection
	GlobalSection(SolutionProperties) = preSolution
		HideSolutionNode = FALSE
	EndGlobalSection
	GlobalSection(ExtensibilityGlobals) = postSolution
		SolutionGuid = {FCBF16FE-0542-4FF0-89A6-CD45E38EC7DA}
	EndGlobalSection
EndGlobal
